
Microsoft Visual Studio Solution File, Format Version 12.00
# Visual Studio Version 17
VisualStudioVersion = 17.0.31903.59
MinimumVisualStudioVersion = 10.0.40219.1
Project("{FAE04EC0-301F-11D3-BF4B-00C04F79EFBC}") = "FocusFlow.ConsoleApp", "FocusFlow.ConsoleApp\FocusFlow.ConsoleApp.csproj", "{6F5DC73E-ABFC-4FA2-A933-D0AE39946A0A}"
EndProject
Project("{FAE04EC0-301F-11D3-BF4B-00C04F79EFBC}") = "FocusFlow.Tests", "FocusFlow.Tests\FocusFlow.Tests.csproj", "{5FFBC0A5-C8A4-4D04-980D-2FA865A39778}"
EndProject
Global
	GlobalSection(SolutionConfigurationPlatforms) = preSolution
		Debug|Any CPU = Debug|Any CPU
		Release|Any CPU = Release|Any CPU
	EndGlobalSection
	GlobalSection(SolutionProperties) = preSolution
		HideSolutionNode = FALSE
	EndGlobalSection
	GlobalSection(ProjectConfigurationPlatforms) = postSolution
		{6F5DC73E-ABFC-4FA2-A933-D0AE39946A0A}.Debug|Any CPU.ActiveCfg = Debug|Any CPU
		{6F5DC73E-ABFC-4FA2-A933-D0AE39946A0A}.Debug|Any CPU.Build.0 = Debug|Any CPU
		{6F5DC73E-ABFC-4FA2-A933-D0AE39946A0A}.Release|Any CPU.ActiveCfg = Release|Any CPU
		{6F5DC73E-ABFC-4FA2-A933-D0AE39946A0A}.Release|Any CPU.Build.0 = Release|Any CPU
		{5FFBC0A5-C8A4-4D04-980D-2FA865A39778}.Debug|Any CPU.ActiveCfg = Debug|Any CPU
		{5FFBC0A5-C8A4-4D04-980D-2FA865A39778}.Debug|Any CPU.Build.0 = Debug|Any CPU
		{5FFBC0A5-C8A4-4D04-980D-2FA865A39778}.Release|Any CPU.ActiveCfg = Release|Any CPU
		{5FFBC0A5-C8A4-4D04-980D-2FA865A39778}.Release|Any CPU.Build.0 = Release|Any CPU
	EndGlobalSection
EndGlobal
